
Microsoft Visual Studio Solution File, Format Version 12.00
# Visual Studio 15
VisualStudioVersion = 15.0.28010.0
MinimumVisualStudioVersion = 10.0.40219.1
Project("{9A19103F-16F7-4668-BE54-9A1E7A4F7556}") = "OFXSharp", "OFXSharp\OFXSharp.csproj", "{7BBA813D-EE93-491A-B0C7-FBD588E393CB}"
EndProject
Project("{9A19103F-16F7-4668-BE54-9A1E7A4F7556}") = "OFXSharp.Tests", "OFXSharp.Tests\OFXSharp.Tests.csproj", "{4753DE21-42DB-405F-BB2A-A3F189A62482}"
EndProject
Global
	GlobalSection(SolutionConfigurationPlatforms) = preSolution
		Debug|Any CPU = Debug|Any CPU
		Release|Any CPU = Release|Any CPU
	EndGlobalSection
	GlobalSection(ProjectConfigurationPlatforms) = postSolution
		{7BBA813D-EE93-491A-B0C7-FBD588E393CB}.Debug|Any CPU.ActiveCfg = Debug|Any CPU
		{7BBA813D-EE93-491A-B0C7-FBD588E393CB}.Debug|Any CPU.Build.0 = Debug|Any CPU
		{7BBA813D-EE93-491A-B0C7-FBD588E393CB}.Release|Any CPU.ActiveCfg = Release|Any CPU
		{7BBA813D-EE93-491A-B0C7-FBD588E393CB}.Release|Any CPU.Build.0 = Release|Any CPU
		{4753DE21-42DB-405F-BB2A-A3F189A62482}.Debug|Any CPU.ActiveCfg = Debug|Any CPU
		{4753DE21-42DB-405F-BB2A-A3F189A62482}.Debug|Any CPU.Build.0 = Debug|Any CPU
		{4753DE21-42DB-405F-BB2A-A3F189A62482}.Release|Any CPU.ActiveCfg = Release|Any CPU
		{4753DE21-42DB-405F-BB2A-A3F189A62482}.Release|Any CPU.Build.0 = Release|Any CPU
	EndGlobalSection
	GlobalSection(SolutionProperties) = preSolution
		HideSolutionNode = FALSE
	EndGlobalSection
	GlobalSection(ExtensibilityGlobals) = postSolution
		SolutionGuid = {AFB0659C-F5B5-4627-9762-A1052B3ED15F}
	EndGlobalSection
EndGlobal
